<?xml version="1.0" encoding="UTF-8" standalone="yes" ?>
<CodeBlocks_project_file>
	<FileVersion major="1" minor="6" />
	<Project>
		<Option title="common" />
		<Option pch_mode="2" />
		<Option compiler="gcc" />
		<Build>
			<Target title="Debug">
				<Option output="./../bin/Debug/common" prefix_auto="1" extension_auto="1" />
				<Option object_output="./../bin/obj/Debug/" />
				<Option type="1" />
				<Option compiler="gcc" />
				<Compiler>
					<Add option="-std=c++11" />
					<Add option="-g" />
					<Add directory="include" />
				</Compiler>
			</Target>
			<Target title="Release">
				<Option output="./../bin/Release/common" prefix_auto="1" extension_auto="1" />
				<Option object_output="./../bin/obj/Release/" />
				<Option type="1" />
				<Option compiler="gcc" />
				<Compiler>
					<Add option="-O2" />
					<Add directory="include" />
				</Compiler>
				<Linker>
					<Add option="-s" />
				</Linker>
			</Target>
		</Build>
		<Compiler>
			<Add option="-Wall" />
			<Add option="-fexceptions" />
		</Compiler>
		<Unit filename="private/CCriptedMessage.h" />
		<Unit filename="private/CTextData.h" />
		<Unit filename="private/CTextMessage.h" />
		<Unit filename="include/IData.h" />
		<Unit filename="include/IMessage.h" />
		<Unit filename="private/CTextData.cpp" />
		<Unit filename="private/CTextMessage.cpp" />
		<Unit filename="test/main.cpp" />
		<Extensions>
			<code_completion />
			<envvars />
			<debugger />
		</Extensions>
	</Project>
</CodeBlocks_project_file>
